
Microsoft Visual Studio Solution File, Format Version 12.00
# Visual Studio 2013
VisualStudioVersion = 12.0.30501.0
MinimumVisualStudioVersion = 10.0.40219.1
Project("{FAE04EC0-301F-11D3-BF4B-00C04F79EFBC}") = "Mapper.Tests", "Mapper.Tests\Mapper.Tests.csproj", "{30E19EDC-D109-441D-85C0-FEE167A5DB2B}"
EndProject
Project("{FAE04EC0-301F-11D3-BF4B-00C04F79EFBC}") = "Mapper.Bin", "Mapper.Bin\Mapper.Bin.csproj", "{98C40D87-5A2A-418E-A376-38FF1AFD4F62}"
EndProject
Global
	GlobalSection(SolutionConfigurationPlatforms) = preSolution
		Debug|Any CPU = Debug|Any CPU
		Release|Any CPU = Release|Any CPU
	EndGlobalSection
	GlobalSection(ProjectConfigurationPlatforms) = postSolution
		{30E19EDC-D109-441D-85C0-FEE167A5DB2B}.Debug|Any CPU.ActiveCfg = Debug|Any CPU
		{30E19EDC-D109-441D-85C0-FEE167A5DB2B}.Debug|Any CPU.Build.0 = Debug|Any CPU
		{30E19EDC-D109-441D-85C0-FEE167A5DB2B}.Release|Any CPU.ActiveCfg = Release|Any CPU
		{30E19EDC-D109-441D-85C0-FEE167A5DB2B}.Release|Any CPU.Build.0 = Release|Any CPU
		{98C40D87-5A2A-418E-A376-38FF1AFD4F62}.Debug|Any CPU.ActiveCfg = Debug|Any CPU
		{98C40D87-5A2A-418E-A376-38FF1AFD4F62}.Debug|Any CPU.Build.0 = Debug|Any CPU
		{98C40D87-5A2A-418E-A376-38FF1AFD4F62}.Release|Any CPU.ActiveCfg = Release|Any CPU
		{98C40D87-5A2A-418E-A376-38FF1AFD4F62}.Release|Any CPU.Build.0 = Release|Any CPU
	EndGlobalSection
	GlobalSection(SolutionProperties) = preSolution
		HideSolutionNode = FALSE
	EndGlobalSection
EndGlobal
